
Microsoft Visual Studio Solution File, Format Version 12.00
# Visual Studio Version 16
VisualStudioVersion = 16.0.33423.256
MinimumVisualStudioVersion = 10.0.40219.1
Project("{FAE04EC0-301F-11D3-BF4B-00C04F79EFBC}") = "Healthcare Management System", "Healthcare Management System\Healthcare Management System.csproj", "{2B0FB57B-6D78-44D9-9C2B-DF205AAACD13}"
EndProject
Global
	GlobalSection(SolutionConfigurationPlatforms) = preSolution
		Debug|Any CPU = Debug|Any CPU
		Release|Any CPU = Release|Any CPU
	EndGlobalSection
	GlobalSection(ProjectConfigurationPlatforms) = postSolution
		{2B0FB57B-6D78-44D9-9C2B-DF205AAACD13}.Debug|Any CPU.ActiveCfg = Debug|Any CPU
		{2B0FB57B-6D78-44D9-9C2B-DF205AAACD13}.Debug|Any CPU.Build.0 = Debug|Any CPU
		{2B0FB57B-6D78-44D9-9C2B-DF205AAACD13}.Release|Any CPU.ActiveCfg = Release|Any CPU
		{2B0FB57B-6D78-44D9-9C2B-DF205AAACD13}.Release|Any CPU.Build.0 = Release|Any CPU
	EndGlobalSection
	GlobalSection(SolutionProperties) = preSolution
		HideSolutionNode = FALSE
	EndGlobalSection
	GlobalSection(ExtensibilityGlobals) = postSolution
		SolutionGuid = {27AFEEB7-89A6-4C5B-BE8A-5DF44292E2FD}
	EndGlobalSection
EndGlobal
